# THIS IS AN AUTOGENERATED FILE. DO NOT EDIT THIS FILE DIRECTLY.
# yarn lockfile v1


react-native-halfday-calendar@^0.0.3:
  version "0.0.3"
  resolved "https://registry.yarnpkg.com/react-native-halfday-calendar/-/react-native-halfday-calendar-0.0.3.tgz#210351503bd44e33ee5daeccfe161ad378d0de06"
  integrity sha512-NPKc7zVfSGwQtZRERi9Fjpk3JszrX8zul3kRNL9n7LkA5YwAcpf6jeuOSxlmvERvGmGkvFxTWNemDDHNlnaubA==
